// !$*UTF8*$!
{
	archiveVersion = 1;
	classes = {
	};
	objectVersion = 46;
	objects = {

/* Begin PBXBuildFile section */
		A02AB13B17054B1A00D5CE09 /* QuartzCore.framework in Frameworks */ = {isa = PBXBuildFile; fileRef = A02AB13A17054B1A00D5CE09 /* QuartzCore.framework */; };
		A03AE32F178BA4A8002A4F75 /* UIColor+YUVSpace.m in Sources */ = {isa = PBXBuildFile; fileRef = A0A6B64E173360B3003492A8 /* UIColor+YUVSpace.m */; };
		A062A1FB17ACB1F90064AA89 /* OpenGLES.framework in Frameworks */ = {isa = PBXBuildFile; fileRef = A062A1FA17ACB1F90064AA89 /* OpenGLES.framework */; };
		A0883520167814CC006D6F0F /* UIKit.framework in Frameworks */ = {isa = PBXBuildFile; fileRef = A088351F167814CC006D6F0F /* UIKit.framework */; };
		A0883522167814CC006D6F0F /* Foundation.framework in Frameworks */ = {isa = PBXBuildFile; fileRef = A0883521167814CC006D6F0F /* Foundation.framework */; };
		A0883524167814CC006D6F0F /* CoreGraphics.framework in Frameworks */ = {isa = PBXBuildFile; fileRef = A0883523167814CC006D6F0F /* CoreGraphics.framework */; };
		A088352A167814CC006D6F0F /* InfoPlist.strings in Resources */ = {isa = PBXBuildFile; fileRef = A0883528167814CC006D6F0F /* InfoPlist.strings */; };
		A088352C167814CC006D6F0F /* main.m in Sources */ = {isa = PBXBuildFile; fileRef = A088352B167814CC006D6F0F /* main.m */; };
		A0883530167814CC006D6F0F /* AppDelegate.m in Sources */ = {isa = PBXBuildFile; fileRef = A088352F167814CC006D6F0F /* AppDelegate.m */; };
		A0883532167814CC006D6F0F /* Default.png in Resources */ = {isa = PBXBuildFile; fileRef = A0883531167814CC006D6F0F /* Default.png */; };
		A0883534167814CC006D6F0F /* Default@2x.png in Resources */ = {isa = PBXBuildFile; fileRef = A0883533167814CC006D6F0F /* Default@2x.png */; };
		A0883536167814CC006D6F0F /* Default-568h@2x.png in Resources */ = {isa = PBXBuildFile; fileRef = A0883535167814CC006D6F0F /* Default-568h@2x.png */; };
		A0883539167814CC006D6F0F /* ViewController.m in Sources */ = {isa = PBXBuildFile; fileRef = A0883538167814CC006D6F0F /* ViewController.m */; };
		A088353C167814CC006D6F0F /* ViewController_iPhone.xib in Resources */ = {isa = PBXBuildFile; fileRef = A088353A167814CC006D6F0F /* ViewController_iPhone.xib */; };
		A088353F167814CC006D6F0F /* ViewController_iPad.xib in Resources */ = {isa = PBXBuildFile; fileRef = A088353D167814CC006D6F0F /* ViewController_iPad.xib */; };
		A088354C1678158B006D6F0F /* LEColorPicker.m in Sources */ = {isa = PBXBuildFile; fileRef = A08835471678158B006D6F0F /* LEColorPicker.m */; };
		A088355716781592006D6F0F /* ChileEarthquake2010.png in Resources */ = {isa = PBXBuildFile; fileRef = A088355116781592006D6F0F /* ChileEarthquake2010.png */; };
		A088355816781592006D6F0F /* earth.png in Resources */ = {isa = PBXBuildFile; fileRef = A088355216781592006D6F0F /* earth.png */; };
		A088355A16781592006D6F0F /* MonaLisa.png in Resources */ = {isa = PBXBuildFile; fileRef = A088355416781592006D6F0F /* MonaLisa.png */; };
		A088355B16781592006D6F0F /* TheScream.png in Resources */ = {isa = PBXBuildFile; fileRef = A088355516781592006D6F0F /* TheScream.png */; };
		A0883560167815CC006D6F0F /* ATPagingView.m in Sources */ = {isa = PBXBuildFile; fileRef = A088355F167815CC006D6F0F /* ATPagingView.m */; settings = {COMPILER_FLAGS = "-fno-objc-arc"; }; };
		A0F8F05716797898007DBA2B /* AirplaneVortex.png in Resources */ = {isa = PBXBuildFile; fileRef = A0F8F05616797898007DBA2B /* AirplaneVortex.png */; };
		A0F8F059167978C5007DBA2B /* VitruvianMan.png in Resources */ = {isa = PBXBuildFile; fileRef = A0F8F058167978C5007DBA2B /* VitruvianMan.png */; };
/* End PBXBuildFile section */

/* Begin PBXFileReference section */
		A02AB13A17054B1A00D5CE09 /* QuartzCore.framework */ = {isa = PBXFileReference; lastKnownFileType = wrapper.framework; name = QuartzCore.framework; path = System/Library/Frameworks/QuartzCore.framework; sourceTree = SDKROOT; };
		A062A1FA17ACB1F90064AA89 /* OpenGLES.framework */ = {isa = PBXFileReference; lastKnownFileType = wrapper.framework; name = OpenGLES.framework; path = System/Library/Frameworks/OpenGLES.framework; sourceTree = SDKROOT; };
		A088351B167814CC006D6F0F /* LEColorPickerDemo.app */ = {isa = PBXFileReference; explicitFileType = wrapper.application; includeInIndex = 0; path = LEColorPickerDemo.app; sourceTree = BUILT_PRODUCTS_DIR; };
		A088351F167814CC006D6F0F /* UIKit.framework */ = {isa = PBXFileReference; lastKnownFileType = wrapper.framework; name = UIKit.framework; path = System/Library/Frameworks/UIKit.framework; sourceTree = SDKROOT; };
		A0883521167814CC006D6F0F /* Foundation.framework */ = {isa = PBXFileReference; lastKnownFileType = wrapper.framework; name = Foundation.framework; path = System/Library/Frameworks/Foundation.framework; sourceTree = SDKROOT; };
		A0883523167814CC006D6F0F /* CoreGraphics.framework */ = {isa = PBXFileReference; lastKnownFileType = wrapper.framework; name = CoreGraphics.framework; path = System/Library/Frameworks/CoreGraphics.framework; sourceTree = SDKROOT; };
		A0883527167814CC006D6F0F /* LEColorPickerDemo-Info.plist */ = {isa = PBXFileReference; lastKnownFileType = text.plist.xml; path = "LEColorPickerDemo-Info.plist"; sourceTree = "<group>"; };
		A0883529167814CC006D6F0F /* en */ = {isa = PBXFileReference; lastKnownFileType = text.plist.strings; name = en; path = en.lproj/InfoPlist.strings; sourceTree = "<group>"; };
		A088352B167814CC006D6F0F /* main.m */ = {isa = PBXFileReference; lastKnownFileType = sourcecode.c.objc; path = main.m; sourceTree = "<group>"; };
		A088352D167814CC006D6F0F /* LEColorPickerDemo-Prefix.pch */ = {isa = PBXFileReference; lastKnownFileType = sourcecode.c.h; path = "LEColorPickerDemo-Prefix.pch"; sourceTree = "<group>"; };
		A088352E167814CC006D6F0F /* AppDelegate.h */ = {isa = PBXFileReference; lastKnownFileType = sourcecode.c.h; path = AppDelegate.h; sourceTree = "<group>"; };
		A088352F167814CC006D6F0F /* AppDelegate.m */ = {isa = PBXFileReference; lastKnownFileType = sourcecode.c.objc; path = AppDelegate.m; sourceTree = "<group>"; };
		A0883531167814CC006D6F0F /* Default.png */ = {isa = PBXFileReference; lastKnownFileType = image.png; path = Default.png; sourceTree = "<group>"; };
		A0883533167814CC006D6F0F /* Default@2x.png */ = {isa = PBXFileReference; lastKnownFileType = image.png; path = "Default@2x.png"; sourceTree = "<group>"; };
		A0883535167814CC006D6F0F /* Default-568h@2x.png */ = {isa = PBXFileReference; lastKnownFileType = image.png; path = "Default-568h@2x.png"; sourceTree = "<group>"; };
		A0883537167814CC006D6F0F /* ViewController.h */ = {isa = PBXFileReference; lastKnownFileType = sourcecode.c.h; path = ViewController.h; sourceTree = "<group>"; };
		A0883538167814CC006D6F0F /* ViewController.m */ = {isa = PBXFileReference; lastKnownFileType = sourcecode.c.objc; path = ViewController.m; sourceTree = "<group>"; };
		A088353B167814CC006D6F0F /* en */ = {isa = PBXFileReference; lastKnownFileType = file.xib; name = en; path = en.lproj/ViewController_iPhone.xib; sourceTree = "<group>"; };
		A088353E167814CC006D6F0F /* en */ = {isa = PBXFileReference; lastKnownFileType = file.xib; name = en; path = en.lproj/ViewController_iPad.xib; sourceTree = "<group>"; };
		A08835461678158B006D6F0F /* LEColorPicker.h */ = {isa = PBXFileReference; fileEncoding = 4; lastKnownFileType = sourcecode.c.h; path = LEColorPicker.h; sourceTree = "<group>"; };
		A08835471678158B006D6F0F /* LEColorPicker.m */ = {isa = PBXFileReference; fileEncoding = 4; lastKnownFileType = sourcecode.c.objc; path = LEColorPicker.m; sourceTree = "<group>"; };
		A088355116781592006D6F0F /* ChileEarthquake2010.png */ = {isa = PBXFileReference; lastKnownFileType = image.png; path = ChileEarthquake2010.png; sourceTree = "<group>"; };
		A088355216781592006D6F0F /* earth.png */ = {isa = PBXFileReference; lastKnownFileType = image.png; path = earth.png; sourceTree = "<group>"; };
		A088355416781592006D6F0F /* MonaLisa.png */ = {isa = PBXFileReference; lastKnownFileType = image.png; path = MonaLisa.png; sourceTree = "<group>"; };
		A088355516781592006D6F0F /* TheScream.png */ = {isa = PBXFileReference; lastKnownFileType = image.png; path = TheScream.png; sourceTree = "<group>"; };
		A088355E167815CC006D6F0F /* ATPagingView.h */ = {isa = PBXFileReference; fileEncoding = 4; lastKnownFileType = sourcecode.c.h; path = ATPagingView.h; sourceTree = "<group>"; };
		A088355F167815CC006D6F0F /* ATPagingView.m */ = {isa = PBXFileReference; fileEncoding = 4; lastKnownFileType = sourcecode.c.objc; path = ATPagingView.m; sourceTree = "<group>"; };
		A0A6B64D173360B3003492A8 /* UIColor+YUVSpace.h */ = {isa = PBXFileReference; fileEncoding = 4; lastKnownFileType = sourcecode.c.h; path = "UIColor+YUVSpace.h"; sourceTree = "<group>"; };
		A0A6B64E173360B3003492A8 /* UIColor+YUVSpace.m */ = {isa = PBXFileReference; fileEncoding = 4; lastKnownFileType = sourcecode.c.objc; path = "UIColor+YUVSpace.m"; sourceTree = "<group>"; };
		A0F8F05616797898007DBA2B /* AirplaneVortex.png */ = {isa = PBXFileReference; lastKnownFileType = image.png; path = AirplaneVortex.png; sourceTree = "<group>"; };
		A0F8F058167978C5007DBA2B /* VitruvianMan.png */ = {isa = PBXFileReference; lastKnownFileType = image.png; path = VitruvianMan.png; sourceTree = "<group>"; };
/* End PBXFileReference section */

/* Begin PBXFrameworksBuildPhase section */
		A0883518167814CC006D6F0F /* Frameworks */ = {
			isa = PBXFrameworksBuildPhase;
			buildActionMask = 2147483647;
			files = (
				A062A1FB17ACB1F90064AA89 /* OpenGLES.framework in Frameworks */,
				A02AB13B17054B1A00D5CE09 /* QuartzCore.framework in Frameworks */,
				A0883520167814CC006D6F0F /* UIKit.framework in Frameworks */,
				A0883522167814CC006D6F0F /* Foundation.framework in Frameworks */,
				A0883524167814CC006D6F0F /* CoreGraphics.framework in Frameworks */,
			);
			runOnlyForDeploymentPostprocessing = 0;
		};
/* End PBXFrameworksBuildPhase section */

/* Begin PBXGroup section */
		A0883510167814CC006D6F0F = {
			isa = PBXGroup;
			children = (
				A088355C167815CC006D6F0F /* Externals */,
				A088354F16781592006D6F0F /* Resources */,
				A08835451678158B006D6F0F /* LEColorPicker */,
				A0883525167814CC006D6F0F /* LEColorPickerDemo */,
				A088351E167814CC006D6F0F /* Frameworks */,
				A088351C167814CC006D6F0F /* Products */,
			);
			sourceTree = "<group>";
		};
		A088351C167814CC006D6F0F /* Products */ = {
			isa = PBXGroup;
			children = (
				A088351B167814CC006D6F0F /* LEColorPickerDemo.app */,
			);
			name = Products;
			sourceTree = "<group>";
		};
		A088351E167814CC006D6F0F /* Frameworks */ = {
			isa = PBXGroup;
			children = (
				A062A1FA17ACB1F90064AA89 /* OpenGLES.framework */,
				A02AB13A17054B1A00D5CE09 /* QuartzCore.framework */,
				A088351F167814CC006D6F0F /* UIKit.framework */,
				A0883521167814CC006D6F0F /* Foundation.framework */,
				A0883523167814CC006D6F0F /* CoreGraphics.framework */,
			);
			name = Frameworks;
			sourceTree = "<group>";
		};
		A0883525167814CC006D6F0F /* LEColorPickerDemo */ = {
			isa = PBXGroup;
			children = (
				A088352E167814CC006D6F0F /* AppDelegate.h */,
				A088352F167814CC006D6F0F /* AppDelegate.m */,
				A0883537167814CC006D6F0F /* ViewController.h */,
				A0883538167814CC006D6F0F /* ViewController.m */,
				A088353A167814CC006D6F0F /* ViewController_iPhone.xib */,
				A088353D167814CC006D6F0F /* ViewController_iPad.xib */,
				A0883526167814CC006D6F0F /* Supporting Files */,
			);
			path = LEColorPickerDemo;
			sourceTree = "<group>";
		};
		A0883526167814CC006D6F0F /* Supporting Files */ = {
			isa = PBXGroup;
			children = (
				A0883527167814CC006D6F0F /* LEColorPickerDemo-Info.plist */,
				A0883528167814CC006D6F0F /* InfoPlist.strings */,
				A088352B167814CC006D6F0F /* main.m */,
				A088352D167814CC006D6F0F /* LEColorPickerDemo-Prefix.pch */,
				A0883531167814CC006D6F0F /* Default.png */,
				A0883533167814CC006D6F0F /* Default@2x.png */,
				A0883535167814CC006D6F0F /* Default-568h@2x.png */,
			);
			name = "Supporting Files";
			sourceTree = "<group>";
		};
		A08835451678158B006D6F0F /* LEColorPicker */ = {
			isa = PBXGroup;
			children = (
				A08835461678158B006D6F0F /* LEColorPicker.h */,
				A08835471678158B006D6F0F /* LEColorPicker.m */,
				A0A6B64D173360B3003492A8 /* UIColor+YUVSpace.h */,
				A0A6B64E173360B3003492A8 /* UIColor+YUVSpace.m */,
			);
			path = LEColorPicker;
			sourceTree = "<group>";
		};
		A088354F16781592006D6F0F /* Resources */ = {
			isa = PBXGroup;
			children = (
				A0F8F058167978C5007DBA2B /* VitruvianMan.png */,
				A0F8F05616797898007DBA2B /* AirplaneVortex.png */,
				A088355116781592006D6F0F /* ChileEarthquake2010.png */,
				A088355216781592006D6F0F /* earth.png */,
				A088355416781592006D6F0F /* MonaLisa.png */,
				A088355516781592006D6F0F /* TheScream.png */,
			);
			path = Resources;
			sourceTree = "<group>";
		};
		A088355C167815CC006D6F0F /* Externals */ = {
			isa = PBXGroup;
			children = (
				A088355D167815CC006D6F0F /* ATPagingView */,
			);
			path = Externals;
			sourceTree = "<group>";
		};
		A088355D167815CC006D6F0F /* ATPagingView */ = {
			isa = PBXGroup;
			children = (
				A088355E167815CC006D6F0F /* ATPagingView.h */,
				A088355F167815CC006D6F0F /* ATPagingView.m */,
			);
			path = ATPagingView;
			sourceTree = "<group>";
		};
/* End PBXGroup section */

/* Begin PBXNativeTarget section */
		A088351A167814CC006D6F0F /* LEColorPickerDemo */ = {
			isa = PBXNativeTarget;
			buildConfigurationList = A0883542167814CC006D6F0F /* Build configuration list for PBXNativeTarget "LEColorPickerDemo" */;
			buildPhases = (
				A0883517167814CC006D6F0F /* Sources */,
				A0883518167814CC006D6F0F /* Frameworks */,
				A0883519167814CC006D6F0F /* Resources */,
			);
			buildRules = (
			);
			dependencies = (
			);
			name = LEColorPickerDemo;
			productName = LEColorPickerDemo;
			productReference = A088351B167814CC006D6F0F /* LEColorPickerDemo.app */;
			productType = "com.apple.product-type.application";
		};
/* End PBXNativeTarget section */

/* Begin PBXProject section */
		A0883512167814CC006D6F0F /* Project object */ = {
			isa = PBXProject;
			attributes = {
				LastUpgradeCheck = 0450;
				ORGANIZATIONNAME = LuisEspinoza;
			};
			buildConfigurationList = A0883515167814CC006D6F0F /* Build configuration list for PBXProject "LEColorPickerDemo" */;
			compatibilityVersion = "Xcode 3.2";
			developmentRegion = English;
			hasScannedForEncodings = 0;
			knownRegions = (
				en,
			);
			mainGroup = A0883510167814CC006D6F0F;
			productRefGroup = A088351C167814CC006D6F0F /* Products */;
			projectDirPath = "";
			projectRoot = "";
			targets = (
				A088351A167814CC006D6F0F /* LEColorPickerDemo */,
			);
		};
/* End PBXProject section */

/* Begin PBXResourcesBuildPhase section */
		A0883519167814CC006D6F0F /* Resources */ = {
			isa = PBXResourcesBuildPhase;
			buildActionMask = 2147483647;
			files = (
				A088352A167814CC006D6F0F /* InfoPlist.strings in Resources */,
				A0883532167814CC006D6F0F /* Default.png in Resources */,
				A0883534167814CC006D6F0F /* Default@2x.png in Resources */,
				A0883536167814CC006D6F0F /* Default-568h@2x.png in Resources */,
				A088353C167814CC006D6F0F /* ViewController_iPhone.xib in Resources */,
				A088353F167814CC006D6F0F /* ViewController_iPad.xib in Resources */,
				A088355716781592006D6F0F /* ChileEarthquake2010.png in Resources */,
				A088355816781592006D6F0F /* earth.png in Resources */,
				A088355A16781592006D6F0F /* MonaLisa.png in Resources */,
				A088355B16781592006D6F0F /* TheScream.png in Resources */,
				A0F8F05716797898007DBA2B /* AirplaneVortex.png in Resources */,
				A0F8F059167978C5007DBA2B /* VitruvianMan.png in Resources */,
			);
			runOnlyForDeploymentPostprocessing = 0;
		};
/* End PBXResourcesBuildPhase section */

/* Begin PBXSourcesBuildPhase section */
		A0883517167814CC006D6F0F /* Sources */ = {
			isa = PBXSourcesBuildPhase;
			buildActionMask = 2147483647;
			files = (
				A088352C167814CC006D6F0F /* main.m in Sources */,
				A0883530167814CC006D6F0F /* AppDelegate.m in Sources */,
				A0883539167814CC006D6F0F /* ViewController.m in Sources */,
				A088354C1678158B006D6F0F /* LEColorPicker.m in Sources */,
				A0883560167815CC006D6F0F /* ATPagingView.m in Sources */,
				A03AE32F178BA4A8002A4F75 /* UIColor+YUVSpace.m in Sources */,
			);
			runOnlyForDeploymentPostprocessing = 0;
		};
/* End PBXSourcesBuildPhase section */

/* Begin PBXVariantGroup section */
		A0883528167814CC006D6F0F /* InfoPlist.strings */ = {
			isa = PBXVariantGroup;
			children = (
				A0883529167814CC006D6F0F /* en */,
			);
			name = InfoPlist.strings;
			sourceTree = "<group>";
		};
		A088353A167814CC006D6F0F /* ViewController_iPhone.xib */ = {
			isa = PBXVariantGroup;
			children = (
				A088353B167814CC006D6F0F /* en */,
			);
			name = ViewController_iPhone.xib;
			sourceTree = "<group>";
		};
		A088353D167814CC006D6F0F /* ViewController_iPad.xib */ = {
			isa = PBXVariantGroup;
			children = (
				A088353E167814CC006D6F0F /* en */,
			);
			name = ViewController_iPad.xib;
			sourceTree = "<group>";
		};
/* End PBXVariantGroup section */

/* Begin XCBuildConfiguration section */
		A0883540167814CC006D6F0F /* Debug */ = {
			isa = XCBuildConfiguration;
			buildSettings = {
				ALWAYS_SEARCH_USER_PATHS = NO;
				CLANG_CXX_LANGUAGE_STANDARD = "gnu++0x";
				CLANG_CXX_LIBRARY = "libc++";
				CLANG_ENABLE_OBJC_ARC = YES;
				CLANG_WARN_EMPTY_BODY = YES;
				CLANG_WARN__DUPLICATE_METHOD_MATCH = YES;
				"CODE_SIGN_IDENTITY[sdk=iphoneos*]" = "iPhone Developer";
				COPY_PHASE_STRIP = NO;
				GCC_C_LANGUAGE_STANDARD = gnu99;
				GCC_DYNAMIC_NO_PIC = NO;
				GCC_OPTIMIZATION_LEVEL = 0;
				GCC_PREPROCESSOR_DEFINITIONS = "$(inherited)";
				GCC_SYMBOLS_PRIVATE_EXTERN = NO;
				GCC_WARN_ABOUT_RETURN_TYPE = YES;
				GCC_WARN_UNINITIALIZED_AUTOS = YES;
				GCC_WARN_UNUSED_VARIABLE = YES;
				IPHONEOS_DEPLOYMENT_TARGET = 6.0;
				ONLY_ACTIVE_ARCH = YES;
				SDKROOT = iphoneos;
				TARGETED_DEVICE_FAMILY = "1,2";
			};
			name = Debug;
		};
		A0883541167814CC006D6F0F /* Release */ = {
			isa = XCBuildConfiguration;
			buildSettings = {
				ALWAYS_SEARCH_USER_PATHS = NO;
				CLANG_CXX_LANGUAGE_STANDARD = "gnu++0x";
				CLANG_CXX_LIBRARY = "libc++";
				CLANG_ENABLE_OBJC_ARC = YES;
				CLANG_WARN_EMPTY_BODY = YES;
				CLANG_WARN__DUPLICATE_METHOD_MATCH = YES;
				"CODE_SIGN_IDENTITY[sdk=iphoneos*]" = "iPhone Developer";
				COPY_PHASE_STRIP = YES;
				GCC_C_LANGUAGE_STANDARD = gnu99;
				GCC_WARN_ABOUT_RETURN_TYPE = YES;
				GCC_WARN_UNINITIALIZED_AUTOS = YES;
				GCC_WARN_UNUSED_VARIABLE = YES;
				IPHONEOS_DEPLOYMENT_TARGET = 6.0;
				OTHER_CFLAGS = "-DNS_BLOCK_ASSERTIONS=1";
				SDKROOT = iphoneos;
				TARGETED_DEVICE_FAMILY = "1,2";
				VALIDATE_PRODUCT = YES;
			};
			name = Release;
		};
		A0883543167814CC006D6F0F /* Debug */ = {
			isa = XCBuildConfiguration;
			buildSettings = {
				GCC_PRECOMPILE_PREFIX_HEADER = YES;
				GCC_PREFIX_HEADER = "LEColorPickerDemo/LEColorPickerDemo-Prefix.pch";
				GCC_PREPROCESSOR_DEFINITIONS = "$(inherited)";
				INFOPLIST_FILE = "LEColorPickerDemo/LEColorPickerDemo-Info.plist";
				PRODUCT_NAME = "$(TARGET_NAME)";
				WRAPPER_EXTENSION = app;
			};
			name = Debug;
		};
		A0883544167814CC006D6F0F /* Release */ = {
			isa = XCBuildConfiguration;
			buildSettings = {
				GCC_PRECOMPILE_PREFIX_HEADER = YES;
				GCC_PREFIX_HEADER = "LEColorPickerDemo/LEColorPickerDemo-Prefix.pch";
				INFOPLIST_FILE = "LEColorPickerDemo/LEColorPickerDemo-Info.plist";
				PRODUCT_NAME = "$(TARGET_NAME)";
				WRAPPER_EXTENSION = app;
			};
			name = Release;
		};
/* End XCBuildConfiguration section */

/* Begin XCConfigurationList section */
		A0883515167814CC006D6F0F /* Build configuration list for PBXProject "LEColorPickerDemo" */ = {
			isa = XCConfigurationList;
			buildConfigurations = (
				A0883540167814CC006D6F0F /* Debug */,
				A0883541167814CC006D6F0F /* Release */,
			);
			defaultConfigurationIsVisible = 0;
			defaultConfigurationName = Release;
		};
		A0883542167814CC006D6F0F /* Build configuration list for PBXNativeTarget "LEColorPickerDemo" */ = {
			isa = XCConfigurationList;
			buildConfigurations = (
				A0883543167814CC006D6F0F /* Debug */,
				A0883544167814CC006D6F0F /* Release */,
			);
			defaultConfigurationIsVisible = 0;
			defaultConfigurationName = Release;
		};
/* End XCConfigurationList section */
	};
	rootObject = A0883512167814CC006D6F0F /* Project object */;
}
